
Microsoft Visual Studio Solution File, Format Version 12.00
# Visual Studio Version 17
VisualStudioVersion = 17.8.34408.163
MinimumVisualStudioVersion = 10.0.40219.1
Project("{FAE04EC0-301F-11D3-BF4B-00C04F79EFBC}") = "APIbowling", "APIbowling.csproj", "{C4B84C86-B581-4859-8E26-F91B76235E5A}"
EndProject
Global
	GlobalSection(SolutionConfigurationPlatforms) = preSolution
		Debug|Any CPU = Debug|Any CPU
		Release|Any CPU = Release|Any CPU
	EndGlobalSection
	GlobalSection(ProjectConfigurationPlatforms) = postSolution
		{C4B84C86-B581-4859-8E26-F91B76235E5A}.Debug|Any CPU.ActiveCfg = Debug|Any CPU
		{C4B84C86-B581-4859-8E26-F91B76235E5A}.Debug|Any CPU.Build.0 = Debug|Any CPU
		{C4B84C86-B581-4859-8E26-F91B76235E5A}.Release|Any CPU.ActiveCfg = Release|Any CPU
		{C4B84C86-B581-4859-8E26-F91B76235E5A}.Release|Any CPU.Build.0 = Release|Any CPU
	EndGlobalSection
	GlobalSection(SolutionProperties) = preSolution
		HideSolutionNode = FALSE
	EndGlobalSection
	GlobalSection(ExtensibilityGlobals) = postSolution
		SolutionGuid = {7039C523-8075-4855-A216-17A9FD814B81}
	EndGlobalSection
EndGlobal
